// !$*UTF8*$!
{
	archiveVersion = 1;
	classes = {
	};
	objectVersion = 46;
	objects = {

/* Begin PBXBuildFile section */
		A9103A711EA303B400E50456 /* AppDelegate.swift in Sources */ = {isa = PBXBuildFile; fileRef = A9103A701EA303B400E50456 /* AppDelegate.swift */; };
		A9103A731EA303B400E50456 /* ViewController.swift in Sources */ = {isa = PBXBuildFile; fileRef = A9103A721EA303B400E50456 /* ViewController.swift */; };
		A9103A761EA303B400E50456 /* Main.storyboard in Resources */ = {isa = PBXBuildFile; fileRef = A9103A741EA303B400E50456 /* Main.storyboard */; };
		A9103A781EA303B400E50456 /* Assets.xcassets in Resources */ = {isa = PBXBuildFile; fileRef = A9103A771EA303B400E50456 /* Assets.xcassets */; };
		A9103A7B1EA303B400E50456 /* LaunchScreen.storyboard in Resources */ = {isa = PBXBuildFile; fileRef = A9103A791EA303B400E50456 /* LaunchScreen.storyboard */; };
/* End PBXBuildFile section */

/* Begin PBXFileReference section */
		A9103A6D1EA303B400E50456 /* RestaurantManagement.app */ = {isa = PBXFileReference; explicitFileType = wrapper.application; includeInIndex = 0; path = RestaurantManagement.app; sourceTree = BUILT_PRODUCTS_DIR; };
		A9103A701EA303B400E50456 /* AppDelegate.swift */ = {isa = PBXFileReference; lastKnownFileType = sourcecode.swift; path = AppDelegate.swift; sourceTree = "<group>"; };
		A9103A721EA303B400E50456 /* ViewController.swift */ = {isa = PBXFileReference; lastKnownFileType = sourcecode.swift; path = ViewController.swift; sourceTree = "<group>"; };
		A9103A751EA303B400E50456 /* Base */ = {isa = PBXFileReference; lastKnownFileType = file.storyboard; name = Base; path = Base.lproj/Main.storyboard; sourceTree = "<group>"; };
		A9103A771EA303B400E50456 /* Assets.xcassets */ = {isa = PBXFileReference; lastKnownFileType = folder.assetcatalog; path = Assets.xcassets; sourceTree = "<group>"; };
		A9103A7A1EA303B400E50456 /* Base */ = {isa = PBXFileReference; lastKnownFileType = file.storyboard; name = Base; path = Base.lproj/LaunchScreen.storyboard; sourceTree = "<group>"; };
		A9103A7C1EA303B400E50456 /* Info.plist */ = {isa = PBXFileReference; lastKnownFileType = text.plist.xml; path = Info.plist; sourceTree = "<group>"; };
/* End PBXFileReference section */

/* Begin PBXFrameworksBuildPhase section */
		A9103A6A1EA303B400E50456 /* Frameworks */ = {
			isa = PBXFrameworksBuildPhase;
			buildActionMask = 2147483647;
			files = (
			);
			runOnlyForDeploymentPostprocessing = 0;
		};
/* End PBXFrameworksBuildPhase section */

/* Begin PBXGroup section */
		A9103A641EA303B400E50456 = {
			isa = PBXGroup;
			children = (
				A9103A6F1EA303B400E50456 /* RestaurantManagement */,
				A9103A6E1EA303B400E50456 /* Products */,
			);
			sourceTree = "<group>";
		};
		A9103A6E1EA303B400E50456 /* Products */ = {
			isa = PBXGroup;
			children = (
				A9103A6D1EA303B400E50456 /* RestaurantManagement.app */,
			);
			name = Products;
			sourceTree = "<group>";
		};
		A9103A6F1EA303B400E50456 /* RestaurantManagement */ = {
			isa = PBXGroup;
			children = (
				A9103A701EA303B400E50456 /* AppDelegate.swift */,
				A9103A721EA303B400E50456 /* ViewController.swift */,
				A9103A741EA303B400E50456 /* Main.storyboard */,
				A9103A771EA303B400E50456 /* Assets.xcassets */,
				A9103A791EA303B400E50456 /* LaunchScreen.storyboard */,
				A9103A7C1EA303B400E50456 /* Info.plist */,
			);
			path = RestaurantManagement;
			sourceTree = "<group>";
		};
/* End PBXGroup section */

/* Begin PBXNativeTarget section */
		A9103A6C1EA303B400E50456 /* RestaurantManagement */ = {
			isa = PBXNativeTarget;
			buildConfigurationList = A9103A7F1EA303B400E50456 /* Build configuration list for PBXNativeTarget "RestaurantManagement" */;
			buildPhases = (
				A9103A691EA303B400E50456 /* Sources */,
				A9103A6A1EA303B400E50456 /* Frameworks */,
				A9103A6B1EA303B400E50456 /* Resources */,
			);
			buildRules = (
			);
			dependencies = (
			);
			name = RestaurantManagement;
			productName = RestaurantManagement;
			productReference = A9103A6D1EA303B400E50456 /* RestaurantManagement.app */;
			productType = "com.apple.product-type.application";
		};
/* End PBXNativeTarget section */

/* Begin PBXProject section */
		A9103A651EA303B400E50456 /* Project object */ = {
			isa = PBXProject;
			attributes = {
				LastSwiftUpdateCheck = 0830;
				LastUpgradeCheck = 0830;
				ORGANIZATIONNAME = Bill;
				TargetAttributes = {
					A9103A6C1EA303B400E50456 = {
						CreatedOnToolsVersion = 8.3.1;
						ProvisioningStyle = Automatic;
					};
				};
			};
			buildConfigurationList = A9103A681EA303B400E50456 /* Build configuration list for PBXProject "RestaurantManagement" */;
			compatibilityVersion = "Xcode 3.2";
			developmentRegion = English;
			hasScannedForEncodings = 0;
			knownRegions = (
				en,
				Base,
			);
			mainGroup = A9103A641EA303B400E50456;
			productRefGroup = A9103A6E1EA303B400E50456 /* Products */;
			projectDirPath = "";
			projectRoot = "";
			targets = (
				A9103A6C1EA303B400E50456 /* RestaurantManagement */,
			);
		};
/* End PBXProject section */

/* Begin PBXResourcesBuildPhase section */
		A9103A6B1EA303B400E50456 /* Resources */ = {
			isa = PBXResourcesBuildPhase;
			buildActionMask = 2147483647;
			files = (
				A9103A7B1EA303B400E50456 /* LaunchScreen.storyboard in Resources */,
				A9103A781EA303B400E50456 /* Assets.xcassets in Resources */,
				A9103A761EA303B400E50456 /* Main.storyboard in Resources */,
			);
			runOnlyForDeploymentPostprocessing = 0;
		};
/* End PBXResourcesBuildPhase section */

/* Begin PBXSourcesBuildPhase section */
		A9103A691EA303B400E50456 /* Sources */ = {
			isa = PBXSourcesBuildPhase;
			buildActionMask = 2147483647;
			files = (
				A9103A731EA303B400E50456 /* ViewController.swift in Sources */,
				A9103A711EA303B400E50456 /* AppDelegate.swift in Sources */,
			);
			runOnlyForDeploymentPostprocessing = 0;
		};
/* End PBXSourcesBuildPhase section */

/* Begin PBXVariantGroup section */
		A9103A741EA303B400E50456 /* Main.storyboard */ = {
			isa = PBXVariantGroup;
			children = (
				A9103A751EA303B400E50456 /* Base */,
			);
			name = Main.storyboard;
			sourceTree = "<group>";
		};
		A9103A791EA303B400E50456 /* LaunchScreen.storyboard */ = {
			isa = PBXVariantGroup;
			children = (
				A9103A7A1EA303B400E50456 /* Base */,
			);
			name = LaunchScreen.storyboard;
			sourceTree = "<group>";
		};
/* End PBXVariantGroup section */

/* Begin XCBuildConfiguration section */
		A9103A7D1EA303B400E50456 /* Debug */ = {
			isa = XCBuildConfiguration;
			buildSettings = {
				ALWAYS_SEARCH_USER_PATHS = NO;
				CLANG_ANALYZER_NONNULL = YES;
				CLANG_ANALYZER_NUMBER_OBJECT_CONVERSION = YES_AGGRESSIVE;
				CLANG_CXX_LANGUAGE_STANDARD = "gnu++0x";
				CLANG_CXX_LIBRARY = "libc++";
				CLANG_ENABLE_MODULES = YES;
				CLANG_ENABLE_OBJC_ARC = YES;
				CLANG_WARN_BOOL_CONVERSION = YES;
				CLANG_WARN_CONSTANT_CONVERSION = YES;
				CLANG_WARN_DIRECT_OBJC_ISA_USAGE = YES_ERROR;
				CLANG_WARN_DOCUMENTATION_COMMENTS = YES;
				CLANG_WARN_EMPTY_BODY = YES;
				CLANG_WARN_ENUM_CONVERSION = YES;
				CLANG_WARN_INFINITE_RECURSION = YES;
				CLANG_WARN_INT_CONVERSION = YES;
				CLANG_WARN_OBJC_ROOT_CLASS = YES_ERROR;
				CLANG_WARN_SUSPICIOUS_MOVE = YES;
				CLANG_WARN_UNREACHABLE_CODE = YES;
				CLANG_WARN__DUPLICATE_METHOD_MATCH = YES;
				"CODE_SIGN_IDENTITY[sdk=iphoneos*]" = "iPhone Developer";
				COPY_PHASE_STRIP = NO;
				DEBUG_INFORMATION_FORMAT = dwarf;
				ENABLE_STRICT_OBJC_MSGSEND = YES;
				ENABLE_TESTABILITY = YES;
				GCC_C_LANGUAGE_STANDARD = gnu99;
				GCC_DYNAMIC_NO_PIC = NO;
				GCC_NO_COMMON_BLOCKS = YES;
				GCC_OPTIMIZATION_LEVEL = 0;
				GCC_PREPROCESSOR_DEFINITIONS = (
					"DEBUG=1",
					"$(inherited)",
				);
				GCC_WARN_64_TO_32_BIT_CONVERSION = YES;
				GCC_WARN_ABOUT_RETURN_TYPE = YES_ERROR;
				GCC_WARN_UNDECLARED_SELECTOR = YES;
				GCC_WARN_UNINITIALIZED_AUTOS = YES_AGGRESSIVE;
				GCC_WARN_UNUSED_FUNCTION = YES;
				GCC_WARN_UNUSED_VARIABLE = YES;
				IPHONEOS_DEPLOYMENT_TARGET = 10.3;
				MTL_ENABLE_DEBUG_INFO = YES;
				ONLY_ACTIVE_ARCH = YES;
				SDKROOT = iphoneos;
				SWIFT_ACTIVE_COMPILATION_CONDITIONS = DEBUG;
				SWIFT_OPTIMIZATION_LEVEL = "-Onone";
				TARGETED_DEVICE_FAMILY = "1,2";
			};
			name = Debug;
		};
		A9103A7E1EA303B400E50456 /* Release */ = {
			isa = XCBuildConfiguration;
			buildSettings = {
				ALWAYS_SEARCH_USER_PATHS = NO;
				CLANG_ANALYZER_NONNULL = YES;
				CLANG_ANALYZER_NUMBER_OBJECT_CONVERSION = YES_AGGRESSIVE;
				CLANG_CXX_LANGUAGE_STANDARD = "gnu++0x";
				CLANG_CXX_LIBRARY = "libc++";
				CLANG_ENABLE_MODULES = YES;
				CLANG_ENABLE_OBJC_ARC = YES;
				CLANG_WARN_BOOL_CONVERSION = YES;
				CLANG_WARN_CONSTANT_CONVERSION = YES;
				CLANG_WARN_DIRECT_OBJC_ISA_USAGE = YES_ERROR;
				CLANG_WARN_DOCUMENTATION_COMMENTS = YES;
				CLANG_WARN_EMPTY_BODY = YES;
				CLANG_WARN_ENUM_CONVERSION = YES;
				CLANG_WARN_INFINITE_RECURSION = YES;
				CLANG_WARN_INT_CONVERSION = YES;
				CLANG_WARN_OBJC_ROOT_CLASS = YES_ERROR;
				CLANG_WARN_SUSPICIOUS_MOVE = YES;
				CLANG_WARN_UNREACHABLE_CODE = YES;
				CLANG_WARN__DUPLICATE_METHOD_MATCH = YES;
				"CODE_SIGN_IDENTITY[sdk=iphoneos*]" = "iPhone Developer";
				COPY_PHASE_STRIP = NO;
				DEBUG_INFORMATION_FORMAT = "dwarf-with-dsym";
				ENABLE_NS_ASSERTIONS = NO;
				ENABLE_STRICT_OBJC_MSGSEND = YES;
				GCC_C_LANGUAGE_STANDARD = gnu99;
				GCC_NO_COMMON_BLOCKS = YES;
				GCC_WARN_64_TO_32_BIT_CONVERSION = YES;
				GCC_WARN_ABOUT_RETURN_TYPE = YES_ERROR;
				GCC_WARN_UNDECLARED_SELECTOR = YES;
				GCC_WARN_UNINITIALIZED_AUTOS = YES_AGGRESSIVE;
				GCC_WARN_UNUSED_FUNCTION = YES;
				GCC_WARN_UNUSED_VARIABLE = YES;
				IPHONEOS_DEPLOYMENT_TARGET = 10.3;
				MTL_ENABLE_DEBUG_INFO = NO;
				SDKROOT = iphoneos;
				SWIFT_OPTIMIZATION_LEVEL = "-Owholemodule";
				TARGETED_DEVICE_FAMILY = "1,2";
				VALIDATE_PRODUCT = YES;
			};
			name = Release;
		};
		A9103A801EA303B400E50456 /* Debug */ = {
			isa = XCBuildConfiguration;
			buildSettings = {
				ASSETCATALOG_COMPILER_APPICON_NAME = AppIcon;
				INFOPLIST_FILE = RestaurantManagement/Info.plist;
				LD_RUNPATH_SEARCH_PATHS = "$(inherited) @executable_path/Frameworks";
				PRODUCT_BUNDLE_IDENTIFIER = com.Bill.RestaurantManagement;
				PRODUCT_NAME = "$(TARGET_NAME)";
				SWIFT_VERSION = 3.0;
			};
			name = Debug;
		};
		A9103A811EA303B400E50456 /* Release */ = {
			isa = XCBuildConfiguration;
			buildSettings = {
				ASSETCATALOG_COMPILER_APPICON_NAME = AppIcon;
				INFOPLIST_FILE = RestaurantManagement/Info.plist;
				LD_RUNPATH_SEARCH_PATHS = "$(inherited) @executable_path/Frameworks";
				PRODUCT_BUNDLE_IDENTIFIER = com.Bill.RestaurantManagement;
				PRODUCT_NAME = "$(TARGET_NAME)";
				SWIFT_VERSION = 3.0;
			};
			name = Release;
		};
/* End XCBuildConfiguration section */

/* Begin XCConfigurationList section */
		A9103A681EA303B400E50456 /* Build configuration list for PBXProject "RestaurantManagement" */ = {
			isa = XCConfigurationList;
			buildConfigurations = (
				A9103A7D1EA303B400E50456 /* Debug */,
				A9103A7E1EA303B400E50456 /* Release */,
			);
			defaultConfigurationIsVisible = 0;
			defaultConfigurationName = Release;
		};
		A9103A7F1EA303B400E50456 /* Build configuration list for PBXNativeTarget "RestaurantManagement" */ = {
			isa = XCConfigurationList;
			buildConfigurations = (
				A9103A801EA303B400E50456 /* Debug */,
				A9103A811EA303B400E50456 /* Release */,
			);
			defaultConfigurationIsVisible = 0;
		};
/* End XCConfigurationList section */
	};
	rootObject = A9103A651EA303B400E50456 /* Project object */;
}
